
Microsoft Visual Studio Solution File, Format Version 12.00
# Visual Studio Version 16
VisualStudioVersion = 16.0.29306.81
MinimumVisualStudioVersion = 10.0.40219.1
Project("{FAE04EC0-301F-11D3-BF4B-00C04F79EFBC}") = "CSharpTut_Interface", "CSharpTut_Interface\CSharpTut_Interface.csproj", "{A58DF92E-A741-46C7-80B0-CF5454182AC5}"
EndProject
Global
	GlobalSection(SolutionConfigurationPlatforms) = preSolution
		Debug|Any CPU = Debug|Any CPU
		Release|Any CPU = Release|Any CPU
	EndGlobalSection
	GlobalSection(ProjectConfigurationPlatforms) = postSolution
		{A58DF92E-A741-46C7-80B0-CF5454182AC5}.Debug|Any CPU.ActiveCfg = Debug|Any CPU
		{A58DF92E-A741-46C7-80B0-CF5454182AC5}.Debug|Any CPU.Build.0 = Debug|Any CPU
		{A58DF92E-A741-46C7-80B0-CF5454182AC5}.Release|Any CPU.ActiveCfg = Release|Any CPU
		{A58DF92E-A741-46C7-80B0-CF5454182AC5}.Release|Any CPU.Build.0 = Release|Any CPU
	EndGlobalSection
	GlobalSection(SolutionProperties) = preSolution
		HideSolutionNode = FALSE
	EndGlobalSection
	GlobalSection(ExtensibilityGlobals) = postSolution
		SolutionGuid = {14B0BF01-B839-4A50-95E3-C49407946585}
	EndGlobalSection
EndGlobal
