
Microsoft Visual Studio Solution File, Format Version 12.00
# Visual Studio Version 16
VisualStudioVersion = 16.0.29509.3
MinimumVisualStudioVersion = 10.0.40219.1
Project("{9A19103F-16F7-4668-BE54-9A1E7A4F7556}") = "Role Player Game", "Role Player Game\Role Player Game.csproj", "{55707DBB-280A-42B2-9638-591CCF90C79B}"
EndProject
Project("{FAE04EC0-301F-11D3-BF4B-00C04F79EFBC}") = "RPG_Tests", "RPG_Tests\RPG_Tests.csproj", "{279A60B2-7558-4571-8B6E-0112D1D0D997}"
EndProject
Global
	GlobalSection(SolutionConfigurationPlatforms) = preSolution
		Debug|Any CPU = Debug|Any CPU
		Release|Any CPU = Release|Any CPU
	EndGlobalSection
	GlobalSection(ProjectConfigurationPlatforms) = postSolution
		{55707DBB-280A-42B2-9638-591CCF90C79B}.Debug|Any CPU.ActiveCfg = Debug|Any CPU
		{55707DBB-280A-42B2-9638-591CCF90C79B}.Debug|Any CPU.Build.0 = Debug|Any CPU
		{55707DBB-280A-42B2-9638-591CCF90C79B}.Release|Any CPU.ActiveCfg = Release|Any CPU
		{55707DBB-280A-42B2-9638-591CCF90C79B}.Release|Any CPU.Build.0 = Release|Any CPU
		{279A60B2-7558-4571-8B6E-0112D1D0D997}.Debug|Any CPU.ActiveCfg = Debug|Any CPU
		{279A60B2-7558-4571-8B6E-0112D1D0D997}.Debug|Any CPU.Build.0 = Debug|Any CPU
		{279A60B2-7558-4571-8B6E-0112D1D0D997}.Release|Any CPU.ActiveCfg = Release|Any CPU
		{279A60B2-7558-4571-8B6E-0112D1D0D997}.Release|Any CPU.Build.0 = Release|Any CPU
	EndGlobalSection
	GlobalSection(SolutionProperties) = preSolution
		HideSolutionNode = FALSE
	EndGlobalSection
	GlobalSection(ExtensibilityGlobals) = postSolution
		SolutionGuid = {3F7877C2-578B-402D-B932-536833C61DE1}
	EndGlobalSection
EndGlobal
