
Microsoft Visual Studio Solution File, Format Version 12.00
# Visual Studio Version 16
VisualStudioVersion = 16.0.29509.3
MinimumVisualStudioVersion = 10.0.40219.1
Project("{9A19103F-16F7-4668-BE54-9A1E7A4F7556}") = "ConsoleDisplay", "ConsoleDisplay\ConsoleDisplay.csproj", "{E27DFEE9-3E46-4179-BFDC-0734B41270F0}"
EndProject
Project("{FAE04EC0-301F-11D3-BF4B-00C04F79EFBC}") = "AOC Day 3", "AOC Day 2\AOC Day 3.csproj", "{8D814F5C-342B-4E13-9814-D504E1C6D8A1}"
EndProject
Global
	GlobalSection(SolutionConfigurationPlatforms) = preSolution
		Debug|Any CPU = Debug|Any CPU
		Release|Any CPU = Release|Any CPU
	EndGlobalSection
	GlobalSection(ProjectConfigurationPlatforms) = postSolution
		{E27DFEE9-3E46-4179-BFDC-0734B41270F0}.Debug|Any CPU.ActiveCfg = Debug|Any CPU
		{E27DFEE9-3E46-4179-BFDC-0734B41270F0}.Debug|Any CPU.Build.0 = Debug|Any CPU
		{E27DFEE9-3E46-4179-BFDC-0734B41270F0}.Release|Any CPU.ActiveCfg = Release|Any CPU
		{E27DFEE9-3E46-4179-BFDC-0734B41270F0}.Release|Any CPU.Build.0 = Release|Any CPU
		{8D814F5C-342B-4E13-9814-D504E1C6D8A1}.Debug|Any CPU.ActiveCfg = Debug|Any CPU
		{8D814F5C-342B-4E13-9814-D504E1C6D8A1}.Debug|Any CPU.Build.0 = Debug|Any CPU
		{8D814F5C-342B-4E13-9814-D504E1C6D8A1}.Release|Any CPU.ActiveCfg = Release|Any CPU
		{8D814F5C-342B-4E13-9814-D504E1C6D8A1}.Release|Any CPU.Build.0 = Release|Any CPU
	EndGlobalSection
	GlobalSection(SolutionProperties) = preSolution
		HideSolutionNode = FALSE
	EndGlobalSection
	GlobalSection(ExtensibilityGlobals) = postSolution
		SolutionGuid = {330A1FA5-6FCE-45EB-8117-B5B8133CAB40}
	EndGlobalSection
EndGlobal
