
Microsoft Visual Studio Solution File, Format Version 12.00
# Visual Studio Version 16
VisualStudioVersion = 16.0.29215.179
MinimumVisualStudioVersion = 10.0.40219.1
Project("{FAE04EC0-301F-11D3-BF4B-00C04F79EFBC}") = "DerekBanasTutorial", "DerekBanasTutorial\DerekBanasTutorial.csproj", "{B8E1E71B-E790-46CC-890B-FBF64FBE37EE}"
EndProject
Global
	GlobalSection(SolutionConfigurationPlatforms) = preSolution
		Debug|Any CPU = Debug|Any CPU
		Release|Any CPU = Release|Any CPU
	EndGlobalSection
	GlobalSection(ProjectConfigurationPlatforms) = postSolution
		{B8E1E71B-E790-46CC-890B-FBF64FBE37EE}.Debug|Any CPU.ActiveCfg = Debug|Any CPU
		{B8E1E71B-E790-46CC-890B-FBF64FBE37EE}.Debug|Any CPU.Build.0 = Debug|Any CPU
		{B8E1E71B-E790-46CC-890B-FBF64FBE37EE}.Release|Any CPU.ActiveCfg = Release|Any CPU
		{B8E1E71B-E790-46CC-890B-FBF64FBE37EE}.Release|Any CPU.Build.0 = Release|Any CPU
	EndGlobalSection
	GlobalSection(SolutionProperties) = preSolution
		HideSolutionNode = FALSE
	EndGlobalSection
	GlobalSection(ExtensibilityGlobals) = postSolution
		SolutionGuid = {F819B4FC-16D6-4B62-9210-8ECC4BF4F708}
	EndGlobalSection
EndGlobal
